
Microsoft Visual Studio Solution File, Format Version 12.00
# Visual Studio Version 17
VisualStudioVersion = 17.2.32616.157
MinimumVisualStudioVersion = 10.0.40219.1
Project("{FAE04EC0-301F-11D3-BF4B-00C04F79EFBC}") = "JustGo", "JustGo\JustGo.csproj", "{811208CD-51AD-4703-B4A3-BDA2AFA095B0}"
EndProject
Global
	GlobalSection(SolutionConfigurationPlatforms) = preSolution
		Debug|Any CPU = Debug|Any CPU
		Release|Any CPU = Release|Any CPU
	EndGlobalSection
	GlobalSection(ProjectConfigurationPlatforms) = postSolution
		{811208CD-51AD-4703-B4A3-BDA2AFA095B0}.Debug|Any CPU.ActiveCfg = Debug|Any CPU
		{811208CD-51AD-4703-B4A3-BDA2AFA095B0}.Debug|Any CPU.Build.0 = Debug|Any CPU
		{811208CD-51AD-4703-B4A3-BDA2AFA095B0}.Release|Any CPU.ActiveCfg = Release|Any CPU
		{811208CD-51AD-4703-B4A3-BDA2AFA095B0}.Release|Any CPU.Build.0 = Release|Any CPU
	EndGlobalSection
	GlobalSection(SolutionProperties) = preSolution
		HideSolutionNode = FALSE
	EndGlobalSection
	GlobalSection(ExtensibilityGlobals) = postSolution
		SolutionGuid = {D0AC0C7F-39F4-4F62-A6EB-3FE3B2E50CF8}
	EndGlobalSection
EndGlobal
